#MicroXplorer Configuration settings - do not modify
ADC.IPParameters=Rank
ADC.Rank=ADC_RANK_CHANNEL_NUMBER
File.Version=6
KeepUserPlacement=false
Mcu.Family=STM32F0
Mcu.IP0=ADC
Mcu.IP1=NVIC
Mcu.IP2=RCC
Mcu.IP3=SYS
Mcu.IP4=TIM14
Mcu.IP5=TIM17
Mcu.IP6=USART1
Mcu.IPNb=7
Mcu.Name=STM32F030K6Tx
Mcu.Package=LQFP32
Mcu.Pin0=PA0
Mcu.Pin1=PA1
Mcu.Pin10=PA10
Mcu.Pin11=PA13
Mcu.Pin12=PA14
Mcu.Pin13=PB4
Mcu.Pin14=PB5
Mcu.Pin15=PB6
Mcu.Pin16=PB7
Mcu.Pin17=VP_ADC_TempSens_Input
Mcu.Pin18=VP_ADC_Vref_Input
Mcu.Pin19=VP_TIM14_VS_ClockSourceINT
Mcu.Pin2=PA2
Mcu.Pin20=VP_TIM17_VS_ClockSourceINT
Mcu.Pin3=PA3
Mcu.Pin4=PA4
Mcu.Pin5=PA5
Mcu.Pin6=PA6
Mcu.Pin7=PA7
Mcu.Pin8=PB1
Mcu.Pin9=PA9
Mcu.PinsNb=21
Mcu.UserConstants=
Mcu.UserName=STM32F030K6Tx
MxCube.Version=4.20.0
MxDb.Version=DB.4.0.200
NVIC.HardFault_IRQn=true\:0\:0\:false\:false\:true
NVIC.NonMaskableInt_IRQn=true\:0\:0\:false\:false\:true
NVIC.PendSV_IRQn=true\:0\:0\:false\:false\:true
NVIC.SVC_IRQn=true\:0\:0\:false\:false\:true
NVIC.SysTick_IRQn=true\:0\:0\:false\:false\:true
PA0.GPIOParameters=GPIO_Label
PA0.GPIO_Label=MCU_MEASHURE
PA0.Mode=IN0
PA0.Signal=ADC_IN0
PA1.GPIOParameters=GPIO_Label
PA1.GPIO_Label=CON_24V
PA1.Mode=IN1
PA1.Signal=ADC_IN1
PA10.Locked=true
PA10.Mode=Asynchronous
PA10.Signal=USART1_RX
PA13.Mode=Serial_Wire
PA13.Signal=SYS_SWDIO
PA14.Mode=Serial_Wire
PA14.Signal=SYS_SWCLK
PA2.GPIOParameters=GPIO_Label
PA2.GPIO_Label=EN-4-20
PA2.Locked=true
PA2.Signal=GPIO_Output
PA3.GPIOParameters=GPIO_Label
PA3.GPIO_Label=EN-FULL
PA3.Locked=true
PA3.Signal=GPIO_Output
PA4.GPIOParameters=GPIO_Label
PA4.GPIO_Label=EN_SHUNT
PA4.Locked=true
PA4.Signal=GPIO_Output
PA5.GPIOParameters=GPIO_Label
PA5.GPIO_Label=EN-V
PA5.Locked=true
PA5.Signal=GPIO_Output
PA6.GPIOParameters=GPIO_Label
PA6.GPIO_Label=EN-V-FULL
PA6.Locked=true
PA6.Signal=GPIO_Output
PA7.GPIOParameters=GPIO_Label
PA7.GPIO_Label=PWM420
PA7.Signal=S_TIM17_CH1
PA9.Locked=true
PA9.Mode=Asynchronous
PA9.Signal=USART1_TX
PB1.GPIOParameters=GPIO_Label
PB1.GPIO_Label=PWMV20
PB1.Signal=S_TIM14_CH1
PB4.GPIOParameters=GPIO_Label
PB4.GPIO_Label=EN-100000
PB4.Locked=true
PB4.Signal=GPIO_Output
PB5.GPIOParameters=GPIO_Label
PB5.GPIO_Label=EN-10000
PB5.Locked=true
PB5.Signal=GPIO_Output
PB6.GPIOParameters=GPIO_Label
PB6.GPIO_Label=EN-1000
PB6.Locked=true
PB6.Signal=GPIO_Output
PB7.GPIOParameters=GPIO_Label
PB7.GPIO_Label=EN-100
PB7.Locked=true
PB7.Signal=GPIO_Output
PCC.Checker=false
PCC.Line=STM32F0x0 Value Line
PCC.MCU=STM32F030K6Tx
PCC.MXVersion=4.20.0
PCC.PartNumber=STM32F030K6Tx
PCC.Seq0=0
PCC.Series=STM32F0
PCC.Temperature=25
PCC.Vdd=3.6
RCC.CECEnable=false
RCC.ClockTypeHCLK=RCC_CLOCKTYPE_HCLK
RCC.ClockTypePCLK1=RCC_CLOCKTYPE_PCLK1
RCC.DATA_CACHE_ENABLE=0
RCC.EnableHSE=false
RCC.EnableHSERTCDevisor=false
RCC.EnableLSE=false
RCC.EnableLSERTC=false
RCC.EnableMCOMultDivisor=false
RCC.FamilyName=M
RCC.HSEState=RCC_HSE_OFF
RCC.HSI14State=RCC_HSI14_ON
RCC.HSI48State=RCC_HSI48_OFF
RCC.HSIState=RCC_HSI_ON
RCC.I2C1Enable=false
RCC.INSTRUCTION_CACHE_ENABLE=0
RCC.IPParameters=CECEnable,ClockTypeHCLK,ClockTypePCLK1,DATA_CACHE_ENABLE,EnableHSE,EnableHSERTCDevisor,EnableLSE,EnableLSERTC,EnableMCOMultDivisor,FamilyName,HSEState,HSI14State,HSI48State,HSIState,I2C1Enable,INSTRUCTION_CACHE_ENABLE,IWDGEnable,LSIState,MCOEnable,OscillatorTypeHSE,OscillatorTypeHSI,OscillatorTypeHSI14,OscillatorTypeLSI,PLLCLKFreq_Value,PLLMCOFreq_Value,PLLSource,PLLState,RCC_PERIPHCLK_USART1Var,RTCEnable,TimSysFreq_Value,USART1Enable,USART2Enable,USBEnable
RCC.IWDGEnable=false
RCC.LSIState=RCC_LSI_OFF
RCC.MCOEnable=false
RCC.OscillatorTypeHSE=
RCC.OscillatorTypeHSI=RCC_OSCILLATORTYPE_HSI
RCC.OscillatorTypeHSI14=RCC_OSCILLATORTYPE_HSI14
RCC.OscillatorTypeLSI=
RCC.PLLCLKFreq_Value=8000000
RCC.PLLMCOFreq_Value=8000000
RCC.PLLSource=RCC_PLLSOURCE_HSI
RCC.PLLState=RCC_PLL_OFF
RCC.RCC_PERIPHCLK_USART1Var=RCC_PERIPHCLK_USART1
RCC.RTCEnable=false
RCC.TimSysFreq_Value=8000000
RCC.USART1Enable=true
RCC.USART2Enable=false
RCC.USBEnable=false
SH.S_TIM14_CH1.0=TIM14_CH1,PWM Generation1 CH1
SH.S_TIM14_CH1.ConfNb=1
SH.S_TIM17_CH1.0=TIM17_CH1,PWM Generation1 CH1
SH.S_TIM17_CH1.ConfNb=1
TIM14.Channel=TIM_CHANNEL_1
TIM14.IPParameters=Channel
TIM17.Channel=TIM_CHANNEL_1
TIM17.IPParameters=Channel,OCNPolarity_1,OCNIdleState_1
TIM17.OCNIdleState_1=TIM_OCNIDLESTATE_RESET
TIM17.OCNPolarity_1=TIM_OCNPOLARITY_HIGH
USART1.HwFlowCtl-Asynchronous=UART_HWCONTROL_NONE
USART1.IPParameters=VirtualMode-Asynchronous,HwFlowCtl-Asynchronous
USART1.VirtualMode-Asynchronous=VM_ASYNC
VP_ADC_TempSens_Input.Mode=IN-TempSens
VP_ADC_TempSens_Input.Signal=ADC_TempSens_Input
VP_ADC_Vref_Input.Mode=IN-Vrefint
VP_ADC_Vref_Input.Signal=ADC_Vref_Input
VP_TIM14_VS_ClockSourceINT.Mode=Enable_Timer
VP_TIM14_VS_ClockSourceINT.Signal=TIM14_VS_ClockSourceINT
VP_TIM17_VS_ClockSourceINT.Mode=Enable_Timer
VP_TIM17_VS_ClockSourceINT.Signal=TIM17_VS_ClockSourceINT
